
Microsoft Visual Studio Solution File, Format Version 12.00
# Visual Studio Version 16
VisualStudioVersion = 16.0.29424.173
MinimumVisualStudioVersion = 10.0.40219.1
Project("{FAE04EC0-301F-11D3-BF4B-00C04F79EFBC}") = "Aula222", "Aula222\Aula222.csproj", "{DBF9B788-987F-422D-A903-D3EB4A801E43}"
EndProject
Global
	GlobalSection(SolutionConfigurationPlatforms) = preSolution
		Debug|Any CPU = Debug|Any CPU
		Release|Any CPU = Release|Any CPU
	EndGlobalSection
	GlobalSection(ProjectConfigurationPlatforms) = postSolution
		{DBF9B788-987F-422D-A903-D3EB4A801E43}.Debug|Any CPU.ActiveCfg = Debug|Any CPU
		{DBF9B788-987F-422D-A903-D3EB4A801E43}.Debug|Any CPU.Build.0 = Debug|Any CPU
		{DBF9B788-987F-422D-A903-D3EB4A801E43}.Release|Any CPU.ActiveCfg = Release|Any CPU
		{DBF9B788-987F-422D-A903-D3EB4A801E43}.Release|Any CPU.Build.0 = Release|Any CPU
	EndGlobalSection
	GlobalSection(SolutionProperties) = preSolution
		HideSolutionNode = FALSE
	EndGlobalSection
	GlobalSection(ExtensibilityGlobals) = postSolution
		SolutionGuid = {00CDE1D0-A950-4177-B0CA-DA1F9A44E7CC}
	EndGlobalSection
EndGlobal
